
Microsoft Visual Studio Solution File, Format Version 12.00
# Visual Studio Version 16
VisualStudioVersion = 16.0.32228.343
MinimumVisualStudioVersion = 10.0.40219.1
Project("{FAE04EC0-301F-11D3-BF4B-00C04F79EFBC}") = "waffleCaffe", "waffleCaffe\waffleCaffe.csproj", "{52AF6A16-A43B-412D-A9F4-6BDF5A5F728E}"
EndProject
Project("{2150E333-8FDC-42A3-9474-1A3956D46DE8}") = "img", "img", "{CA94C26E-2680-496E-94A9-3E4C0B3BC990}"
	ProjectSection(SolutionItems) = preProject
		..\..\..\..\Downloads\Screenshot_10-removebg-preview.png = ..\..\..\..\Downloads\Screenshot_10-removebg-preview.png
		..\..\..\..\Downloads\Screenshot_6-removebg-preview.png = ..\..\..\..\Downloads\Screenshot_6-removebg-preview.png
		waffleCaffe\Screenshot_7-removebg-preview.png = waffleCaffe\Screenshot_7-removebg-preview.png
	EndProjectSection
EndProject
Global
	GlobalSection(SolutionConfigurationPlatforms) = preSolution
		Debug|Any CPU = Debug|Any CPU
		Release|Any CPU = Release|Any CPU
	EndGlobalSection
	GlobalSection(ProjectConfigurationPlatforms) = postSolution
		{52AF6A16-A43B-412D-A9F4-6BDF5A5F728E}.Debug|Any CPU.ActiveCfg = Debug|Any CPU
		{52AF6A16-A43B-412D-A9F4-6BDF5A5F728E}.Debug|Any CPU.Build.0 = Debug|Any CPU
		{52AF6A16-A43B-412D-A9F4-6BDF5A5F728E}.Release|Any CPU.ActiveCfg = Release|Any CPU
		{52AF6A16-A43B-412D-A9F4-6BDF5A5F728E}.Release|Any CPU.Build.0 = Release|Any CPU
	EndGlobalSection
	GlobalSection(SolutionProperties) = preSolution
		HideSolutionNode = FALSE
	EndGlobalSection
	GlobalSection(ExtensibilityGlobals) = postSolution
		SolutionGuid = {94384FE4-16DD-43FD-8113-8715C52BFEDD}
	EndGlobalSection
EndGlobal
